
Microsoft Visual Studio Solution File, Format Version 12.00
# Visual Studio Version 16
VisualStudioVersion = 16.0.31105.61
MinimumVisualStudioVersion = 10.0.40219.1
Project("{9A19103F-16F7-4668-BE54-9A1E7A4F7556}") = "WhatToBuyAPI", "WhatToBuy\WhatToBuyAPI.csproj", "{F36D8EA7-2BF6-4096-85D0-DE361F1C1F5A}"
EndProject
Project("{FAE04EC0-301F-11D3-BF4B-00C04F79EFBC}") = "WhatToBuyLibrary", "WhatToBuyLibrary\WhatToBuyLibrary.csproj", "{22AC56FE-280F-466A-9AAE-50598BB9602C}"
EndProject
Project("{FAE04EC0-301F-11D3-BF4B-00C04F79EFBC}") = "WhatToBuyClient.UWP", "WhatToBuyClient\WhatToBuyClient.UWP\WhatToBuyClient.UWP.csproj", "{9E37F3B9-D806-4720-82A7-3896BCED419B}"
EndProject
Project("{FAE04EC0-301F-11D3-BF4B-00C04F79EFBC}") = "WhatToBuyClient.Android", "WhatToBuyClient\WhatToBuyClient.Android\WhatToBuyClient.Android.csproj", "{C1765A2B-E884-46E0-8618-A4FA1685C1AF}"
EndProject
Project("{FAE04EC0-301F-11D3-BF4B-00C04F79EFBC}") = "WhatToBuyClient.iOS", "WhatToBuyClient\WhatToBuyClient.iOS\WhatToBuyClient.iOS.csproj", "{3BE0F984-8322-4DAF-954E-F38EF9A10F70}"
EndProject
Project("{FAE04EC0-301F-11D3-BF4B-00C04F79EFBC}") = "WhatToBuyClient", "WhatToBuyClient\WhatToBuyClient\WhatToBuyClient.csproj", "{83842A10-2667-457E-9081-1C4A3DF56ACF}"
EndProject
Global
	GlobalSection(SolutionConfigurationPlatforms) = preSolution
		Debug|Any CPU = Debug|Any CPU
		Debug|ARM = Debug|ARM
		Debug|iPhone = Debug|iPhone
		Debug|iPhoneSimulator = Debug|iPhoneSimulator
		Debug|x64 = Debug|x64
		Debug|x86 = Debug|x86
		Release|Any CPU = Release|Any CPU
		Release|ARM = Release|ARM
		Release|iPhone = Release|iPhone
		Release|iPhoneSimulator = Release|iPhoneSimulator
		Release|x64 = Release|x64
		Release|x86 = Release|x86
	EndGlobalSection
	GlobalSection(ProjectConfigurationPlatforms) = postSolution
		{F36D8EA7-2BF6-4096-85D0-DE361F1C1F5A}.Debug|Any CPU.ActiveCfg = Debug|Any CPU
		{F36D8EA7-2BF6-4096-85D0-DE361F1C1F5A}.Debug|Any CPU.Build.0 = Debug|Any CPU
		{F36D8EA7-2BF6-4096-85D0-DE361F1C1F5A}.Debug|ARM.ActiveCfg = Debug|Any CPU
		{F36D8EA7-2BF6-4096-85D0-DE361F1C1F5A}.Debug|ARM.Build.0 = Debug|Any CPU
		{F36D8EA7-2BF6-4096-85D0-DE361F1C1F5A}.Debug|iPhone.ActiveCfg = Debug|Any CPU
		{F36D8EA7-2BF6-4096-85D0-DE361F1C1F5A}.Debug|iPhone.Build.0 = Debug|Any CPU
		{F36D8EA7-2BF6-4096-85D0-DE361F1C1F5A}.Debug|iPhoneSimulator.ActiveCfg = Debug|Any CPU
		{F36D8EA7-2BF6-4096-85D0-DE361F1C1F5A}.Debug|iPhoneSimulator.Build.0 = Debug|Any CPU
		{F36D8EA7-2BF6-4096-85D0-DE361F1C1F5A}.Debug|x64.ActiveCfg = Debug|Any CPU
		{F36D8EA7-2BF6-4096-85D0-DE361F1C1F5A}.Debug|x64.Build.0 = Debug|Any CPU
		{F36D8EA7-2BF6-4096-85D0-DE361F1C1F5A}.Debug|x86.ActiveCfg = Debug|Any CPU
		{F36D8EA7-2BF6-4096-85D0-DE361F1C1F5A}.Debug|x86.Build.0 = Debug|Any CPU
		{F36D8EA7-2BF6-4096-85D0-DE361F1C1F5A}.Release|Any CPU.ActiveCfg = Release|Any CPU
		{F36D8EA7-2BF6-4096-85D0-DE361F1C1F5A}.Release|Any CPU.Build.0 = Release|Any CPU
		{F36D8EA7-2BF6-4096-85D0-DE361F1C1F5A}.Release|ARM.ActiveCfg = Release|Any CPU
		{F36D8EA7-2BF6-4096-85D0-DE361F1C1F5A}.Release|ARM.Build.0 = Release|Any CPU
		{F36D8EA7-2BF6-4096-85D0-DE361F1C1F5A}.Release|iPhone.ActiveCfg = Release|Any CPU
		{F36D8EA7-2BF6-4096-85D0-DE361F1C1F5A}.Release|iPhone.Build.0 = Release|Any CPU
		{F36D8EA7-2BF6-4096-85D0-DE361F1C1F5A}.Release|iPhoneSimulator.ActiveCfg = Release|Any CPU
		{F36D8EA7-2BF6-4096-85D0-DE361F1C1F5A}.Release|iPhoneSimulator.Build.0 = Release|Any CPU
		{F36D8EA7-2BF6-4096-85D0-DE361F1C1F5A}.Release|x64.ActiveCfg = Release|Any CPU
		{F36D8EA7-2BF6-4096-85D0-DE361F1C1F5A}.Release|x64.Build.0 = Release|Any CPU
		{F36D8EA7-2BF6-4096-85D0-DE361F1C1F5A}.Release|x86.ActiveCfg = Release|Any CPU
		{F36D8EA7-2BF6-4096-85D0-DE361F1C1F5A}.Release|x86.Build.0 = Release|Any CPU
		{22AC56FE-280F-466A-9AAE-50598BB9602C}.Debug|Any CPU.ActiveCfg = Debug|Any CPU
		{22AC56FE-280F-466A-9AAE-50598BB9602C}.Debug|Any CPU.Build.0 = Debug|Any CPU
		{22AC56FE-280F-466A-9AAE-50598BB9602C}.Debug|ARM.ActiveCfg = Debug|Any CPU
		{22AC56FE-280F-466A-9AAE-50598BB9602C}.Debug|ARM.Build.0 = Debug|Any CPU
		{22AC56FE-280F-466A-9AAE-50598BB9602C}.Debug|iPhone.ActiveCfg = Debug|Any CPU
		{22AC56FE-280F-466A-9AAE-50598BB9602C}.Debug|iPhone.Build.0 = Debug|Any CPU
		{22AC56FE-280F-466A-9AAE-50598BB9602C}.Debug|iPhoneSimulator.ActiveCfg = Debug|Any CPU
		{22AC56FE-280F-466A-9AAE-50598BB9602C}.Debug|iPhoneSimulator.Build.0 = Debug|Any CPU
		{22AC56FE-280F-466A-9AAE-50598BB9602C}.Debug|x64.ActiveCfg = Debug|Any CPU
		{22AC56FE-280F-466A-9AAE-50598BB9602C}.Debug|x64.Build.0 = Debug|Any CPU
		{22AC56FE-280F-466A-9AAE-50598BB9602C}.Debug|x86.ActiveCfg = Debug|Any CPU
		{22AC56FE-280F-466A-9AAE-50598BB9602C}.Debug|x86.Build.0 = Debug|Any CPU
		{22AC56FE-280F-466A-9AAE-50598BB9602C}.Release|Any CPU.ActiveCfg = Release|Any CPU
		{22AC56FE-280F-466A-9AAE-50598BB9602C}.Release|Any CPU.Build.0 = Release|Any CPU
		{22AC56FE-280F-466A-9AAE-50598BB9602C}.Release|ARM.ActiveCfg = Release|Any CPU
		{22AC56FE-280F-466A-9AAE-50598BB9602C}.Release|ARM.Build.0 = Release|Any CPU
		{22AC56FE-280F-466A-9AAE-50598BB9602C}.Release|iPhone.ActiveCfg = Release|Any CPU
		{22AC56FE-280F-466A-9AAE-50598BB9602C}.Release|iPhone.Build.0 = Release|Any CPU
		{22AC56FE-280F-466A-9AAE-50598BB9602C}.Release|iPhoneSimulator.ActiveCfg = Release|Any CPU
		{22AC56FE-280F-466A-9AAE-50598BB9602C}.Release|iPhoneSimulator.Build.0 = Release|Any CPU
		{22AC56FE-280F-466A-9AAE-50598BB9602C}.Release|x64.ActiveCfg = Release|Any CPU
		{22AC56FE-280F-466A-9AAE-50598BB9602C}.Release|x64.Build.0 = Release|Any CPU
		{22AC56FE-280F-466A-9AAE-50598BB9602C}.Release|x86.ActiveCfg = Release|Any CPU
		{22AC56FE-280F-466A-9AAE-50598BB9602C}.Release|x86.Build.0 = Release|Any CPU
		{9E37F3B9-D806-4720-82A7-3896BCED419B}.Debug|Any CPU.ActiveCfg = Debug|x86
		{9E37F3B9-D806-4720-82A7-3896BCED419B}.Debug|ARM.ActiveCfg = Debug|ARM
		{9E37F3B9-D806-4720-82A7-3896BCED419B}.Debug|ARM.Build.0 = Debug|ARM
		{9E37F3B9-D806-4720-82A7-3896BCED419B}.Debug|ARM.Deploy.0 = Debug|ARM
		{9E37F3B9-D806-4720-82A7-3896BCED419B}.Debug|iPhone.ActiveCfg = Debug|x86
		{9E37F3B9-D806-4720-82A7-3896BCED419B}.Debug|iPhoneSimulator.ActiveCfg = Debug|x86
		{9E37F3B9-D806-4720-82A7-3896BCED419B}.Debug|x64.ActiveCfg = Debug|x64
		{9E37F3B9-D806-4720-82A7-3896BCED419B}.Debug|x64.Build.0 = Debug|x64
		{9E37F3B9-D806-4720-82A7-3896BCED419B}.Debug|x64.Deploy.0 = Debug|x64
		{9E37F3B9-D806-4720-82A7-3896BCED419B}.Debug|x86.ActiveCfg = Debug|x86
		{9E37F3B9-D806-4720-82A7-3896BCED419B}.Debug|x86.Build.0 = Debug|x86
		{9E37F3B9-D806-4720-82A7-3896BCED419B}.Debug|x86.Deploy.0 = Debug|x86
		{9E37F3B9-D806-4720-82A7-3896BCED419B}.Release|Any CPU.ActiveCfg = Release|x86
		{9E37F3B9-D806-4720-82A7-3896BCED419B}.Release|ARM.ActiveCfg = Release|ARM
		{9E37F3B9-D806-4720-82A7-3896BCED419B}.Release|ARM.Build.0 = Release|ARM
		{9E37F3B9-D806-4720-82A7-3896BCED419B}.Release|ARM.Deploy.0 = Release|ARM
		{9E37F3B9-D806-4720-82A7-3896BCED419B}.Release|iPhone.ActiveCfg = Release|x86
		{9E37F3B9-D806-4720-82A7-3896BCED419B}.Release|iPhoneSimulator.ActiveCfg = Release|x86
		{9E37F3B9-D806-4720-82A7-3896BCED419B}.Release|x64.ActiveCfg = Release|x64
		{9E37F3B9-D806-4720-82A7-3896BCED419B}.Release|x64.Build.0 = Release|x64
		{9E37F3B9-D806-4720-82A7-3896BCED419B}.Release|x64.Deploy.0 = Release|x64
		{9E37F3B9-D806-4720-82A7-3896BCED419B}.Release|x86.ActiveCfg = Release|x86
		{9E37F3B9-D806-4720-82A7-3896BCED419B}.Release|x86.Build.0 = Release|x86
		{9E37F3B9-D806-4720-82A7-3896BCED419B}.Release|x86.Deploy.0 = Release|x86
		{C1765A2B-E884-46E0-8618-A4FA1685C1AF}.Debug|Any CPU.ActiveCfg = Debug|Any CPU
		{C1765A2B-E884-46E0-8618-A4FA1685C1AF}.Debug|Any CPU.Build.0 = Debug|Any CPU
		{C1765A2B-E884-46E0-8618-A4FA1685C1AF}.Debug|Any CPU.Deploy.0 = Debug|Any CPU
		{C1765A2B-E884-46E0-8618-A4FA1685C1AF}.Debug|ARM.ActiveCfg = Debug|Any CPU
		{C1765A2B-E884-46E0-8618-A4FA1685C1AF}.Debug|ARM.Build.0 = Debug|Any CPU
		{C1765A2B-E884-46E0-8618-A4FA1685C1AF}.Debug|ARM.Deploy.0 = Debug|Any CPU
		{C1765A2B-E884-46E0-8618-A4FA1685C1AF}.Debug|iPhone.ActiveCfg = Debug|Any CPU
		{C1765A2B-E884-46E0-8618-A4FA1685C1AF}.Debug|iPhone.Build.0 = Debug|Any CPU
		{C1765A2B-E884-46E0-8618-A4FA1685C1AF}.Debug|iPhone.Deploy.0 = Debug|Any CPU
		{C1765A2B-E884-46E0-8618-A4FA1685C1AF}.Debug|iPhoneSimulator.ActiveCfg = Debug|Any CPU
		{C1765A2B-E884-46E0-8618-A4FA1685C1AF}.Debug|iPhoneSimulator.Build.0 = Debug|Any CPU
		{C1765A2B-E884-46E0-8618-A4FA1685C1AF}.Debug|iPhoneSimulator.Deploy.0 = Debug|Any CPU
		{C1765A2B-E884-46E0-8618-A4FA1685C1AF}.Debug|x64.ActiveCfg = Debug|Any CPU
		{C1765A2B-E884-46E0-8618-A4FA1685C1AF}.Debug|x64.Build.0 = Debug|Any CPU
		{C1765A2B-E884-46E0-8618-A4FA1685C1AF}.Debug|x64.Deploy.0 = Debug|Any CPU
		{C1765A2B-E884-46E0-8618-A4FA1685C1AF}.Debug|x86.ActiveCfg = Debug|Any CPU
		{C1765A2B-E884-46E0-8618-A4FA1685C1AF}.Debug|x86.Build.0 = Debug|Any CPU
		{C1765A2B-E884-46E0-8618-A4FA1685C1AF}.Debug|x86.Deploy.0 = Debug|Any CPU
		{C1765A2B-E884-46E0-8618-A4FA1685C1AF}.Release|Any CPU.ActiveCfg = Release|Any CPU
		{C1765A2B-E884-46E0-8618-A4FA1685C1AF}.Release|Any CPU.Build.0 = Release|Any CPU
		{C1765A2B-E884-46E0-8618-A4FA1685C1AF}.Release|Any CPU.Deploy.0 = Release|Any CPU
		{C1765A2B-E884-46E0-8618-A4FA1685C1AF}.Release|ARM.ActiveCfg = Release|Any CPU
		{C1765A2B-E884-46E0-8618-A4FA1685C1AF}.Release|ARM.Build.0 = Release|Any CPU
		{C1765A2B-E884-46E0-8618-A4FA1685C1AF}.Release|ARM.Deploy.0 = Release|Any CPU
		{C1765A2B-E884-46E0-8618-A4FA1685C1AF}.Release|iPhone.ActiveCfg = Release|Any CPU
		{C1765A2B-E884-46E0-8618-A4FA1685C1AF}.Release|iPhone.Build.0 = Release|Any CPU
		{C1765A2B-E884-46E0-8618-A4FA1685C1AF}.Release|iPhone.Deploy.0 = Release|Any CPU
		{C1765A2B-E884-46E0-8618-A4FA1685C1AF}.Release|iPhoneSimulator.ActiveCfg = Release|Any CPU
		{C1765A2B-E884-46E0-8618-A4FA1685C1AF}.Release|iPhoneSimulator.Build.0 = Release|Any CPU
		{C1765A2B-E884-46E0-8618-A4FA1685C1AF}.Release|iPhoneSimulator.Deploy.0 = Release|Any CPU
		{C1765A2B-E884-46E0-8618-A4FA1685C1AF}.Release|x64.ActiveCfg = Release|Any CPU
		{C1765A2B-E884-46E0-8618-A4FA1685C1AF}.Release|x64.Build.0 = Release|Any CPU
		{C1765A2B-E884-46E0-8618-A4FA1685C1AF}.Release|x64.Deploy.0 = Release|Any CPU
		{C1765A2B-E884-46E0-8618-A4FA1685C1AF}.Release|x86.ActiveCfg = Release|Any CPU
		{C1765A2B-E884-46E0-8618-A4FA1685C1AF}.Release|x86.Build.0 = Release|Any CPU
		{C1765A2B-E884-46E0-8618-A4FA1685C1AF}.Release|x86.Deploy.0 = Release|Any CPU
		{3BE0F984-8322-4DAF-954E-F38EF9A10F70}.Debug|Any CPU.ActiveCfg = Debug|iPhoneSimulator
		{3BE0F984-8322-4DAF-954E-F38EF9A10F70}.Debug|ARM.ActiveCfg = Debug|iPhoneSimulator
		{3BE0F984-8322-4DAF-954E-F38EF9A10F70}.Debug|iPhone.ActiveCfg = Debug|iPhone
		{3BE0F984-8322-4DAF-954E-F38EF9A10F70}.Debug|iPhone.Build.0 = Debug|iPhone
		{3BE0F984-8322-4DAF-954E-F38EF9A10F70}.Debug|iPhoneSimulator.ActiveCfg = Debug|iPhoneSimulator
		{3BE0F984-8322-4DAF-954E-F38EF9A10F70}.Debug|iPhoneSimulator.Build.0 = Debug|iPhoneSimulator
		{3BE0F984-8322-4DAF-954E-F38EF9A10F70}.Debug|x64.ActiveCfg = Debug|iPhoneSimulator
		{3BE0F984-8322-4DAF-954E-F38EF9A10F70}.Debug|x86.ActiveCfg = Debug|iPhoneSimulator
		{3BE0F984-8322-4DAF-954E-F38EF9A10F70}.Release|Any CPU.ActiveCfg = Release|iPhoneSimulator
		{3BE0F984-8322-4DAF-954E-F38EF9A10F70}.Release|ARM.ActiveCfg = Release|iPhoneSimulator
		{3BE0F984-8322-4DAF-954E-F38EF9A10F70}.Release|iPhone.ActiveCfg = Release|iPhone
		{3BE0F984-8322-4DAF-954E-F38EF9A10F70}.Release|iPhone.Build.0 = Release|iPhone
		{3BE0F984-8322-4DAF-954E-F38EF9A10F70}.Release|iPhoneSimulator.ActiveCfg = Release|iPhoneSimulator
		{3BE0F984-8322-4DAF-954E-F38EF9A10F70}.Release|iPhoneSimulator.Build.0 = Release|iPhoneSimulator
		{3BE0F984-8322-4DAF-954E-F38EF9A10F70}.Release|x64.ActiveCfg = Release|iPhoneSimulator
		{3BE0F984-8322-4DAF-954E-F38EF9A10F70}.Release|x86.ActiveCfg = Release|iPhoneSimulator
		{83842A10-2667-457E-9081-1C4A3DF56ACF}.Debug|Any CPU.ActiveCfg = Debug|Any CPU
		{83842A10-2667-457E-9081-1C4A3DF56ACF}.Debug|Any CPU.Build.0 = Debug|Any CPU
		{83842A10-2667-457E-9081-1C4A3DF56ACF}.Debug|ARM.ActiveCfg = Debug|Any CPU
		{83842A10-2667-457E-9081-1C4A3DF56ACF}.Debug|ARM.Build.0 = Debug|Any CPU
		{83842A10-2667-457E-9081-1C4A3DF56ACF}.Debug|iPhone.ActiveCfg = Debug|Any CPU
		{83842A10-2667-457E-9081-1C4A3DF56ACF}.Debug|iPhone.Build.0 = Debug|Any CPU
		{83842A10-2667-457E-9081-1C4A3DF56ACF}.Debug|iPhoneSimulator.ActiveCfg = Debug|Any CPU
		{83842A10-2667-457E-9081-1C4A3DF56ACF}.Debug|iPhoneSimulator.Build.0 = Debug|Any CPU
		{83842A10-2667-457E-9081-1C4A3DF56ACF}.Debug|x64.ActiveCfg = Debug|Any CPU
		{83842A10-2667-457E-9081-1C4A3DF56ACF}.Debug|x64.Build.0 = Debug|Any CPU
		{83842A10-2667-457E-9081-1C4A3DF56ACF}.Debug|x86.ActiveCfg = Debug|Any CPU
		{83842A10-2667-457E-9081-1C4A3DF56ACF}.Debug|x86.Build.0 = Debug|Any CPU
		{83842A10-2667-457E-9081-1C4A3DF56ACF}.Release|Any CPU.ActiveCfg = Release|Any CPU
		{83842A10-2667-457E-9081-1C4A3DF56ACF}.Release|Any CPU.Build.0 = Release|Any CPU
		{83842A10-2667-457E-9081-1C4A3DF56ACF}.Release|ARM.ActiveCfg = Release|Any CPU
		{83842A10-2667-457E-9081-1C4A3DF56ACF}.Release|ARM.Build.0 = Release|Any CPU
		{83842A10-2667-457E-9081-1C4A3DF56ACF}.Release|iPhone.ActiveCfg = Release|Any CPU
		{83842A10-2667-457E-9081-1C4A3DF56ACF}.Release|iPhone.Build.0 = Release|Any CPU
		{83842A10-2667-457E-9081-1C4A3DF56ACF}.Release|iPhoneSimulator.ActiveCfg = Release|Any CPU
		{83842A10-2667-457E-9081-1C4A3DF56ACF}.Release|iPhoneSimulator.Build.0 = Release|Any CPU
		{83842A10-2667-457E-9081-1C4A3DF56ACF}.Release|x64.ActiveCfg = Release|Any CPU
		{83842A10-2667-457E-9081-1C4A3DF56ACF}.Release|x64.Build.0 = Release|Any CPU
		{83842A10-2667-457E-9081-1C4A3DF56ACF}.Release|x86.ActiveCfg = Release|Any CPU
		{83842A10-2667-457E-9081-1C4A3DF56ACF}.Release|x86.Build.0 = Release|Any CPU
	EndGlobalSection
	GlobalSection(SolutionProperties) = preSolution
		HideSolutionNode = FALSE
	EndGlobalSection
	GlobalSection(ExtensibilityGlobals) = postSolution
		SolutionGuid = {EB5BCD0E-7394-4436-8EE0-4BA46ACC599A}
	EndGlobalSection
EndGlobal
